
Microsoft Visual Studio Solution File, Format Version 12.00
# Visual Studio Version 17
VisualStudioVersion = 17.4.33213.308
MinimumVisualStudioVersion = 10.0.40219.1
Project("{FAE04EC0-301F-11D3-BF4B-00C04F79EFBC}") = "WebAPI", "WebAPI.csproj", "{68918A01-C294-47A3-89B4-726217AA79CF}"
EndProject
Global
	GlobalSection(SolutionConfigurationPlatforms) = preSolution
		Debug|Any CPU = Debug|Any CPU
		Release|Any CPU = Release|Any CPU
	EndGlobalSection
	GlobalSection(ProjectConfigurationPlatforms) = postSolution
		{68918A01-C294-47A3-89B4-726217AA79CF}.Debug|Any CPU.ActiveCfg = Debug|Any CPU
		{68918A01-C294-47A3-89B4-726217AA79CF}.Debug|Any CPU.Build.0 = Debug|Any CPU
		{68918A01-C294-47A3-89B4-726217AA79CF}.Release|Any CPU.ActiveCfg = Release|Any CPU
		{68918A01-C294-47A3-89B4-726217AA79CF}.Release|Any CPU.Build.0 = Release|Any CPU
	EndGlobalSection
	GlobalSection(SolutionProperties) = preSolution
		HideSolutionNode = FALSE
	EndGlobalSection
	GlobalSection(ExtensibilityGlobals) = postSolution
		SolutionGuid = {4B06A459-2B28-4151-96B8-F76ABBF26606}
	EndGlobalSection
EndGlobal
